<?xml version="1.0" encoding="utf-8"?>
<Project ToolsVersion="4.0" xmlns="http://schemas.microsoft.com/developer/msbuild/2003">
  <ItemGroup>
    <Filter Include="Source Files">
      <UniqueIdentifier>{4FC737F1-C7A5-4376-A066-2A32D752A2FF}</UniqueIdentifier>
      <Extensions>cpp;c;cc;cxx;c++;cppm;ixx;def;odl;idl;hpj;bat;asm;asmx</Extensions>
    </Filter>
    <Filter Include="Header Files">
      <UniqueIdentifier>{93995380-89BD-4b04-88EB-625FBE52EBFB}</UniqueIdentifier>
      <Extensions>h;hh;hpp;hxx;h++;hm;inl;inc;ipp;xsd</Extensions>
    </Filter>
    <Filter Include="Resource Files">
      <UniqueIdentifier>{67DA6AB6-F800-4c08-8B7A-83BB121AAD01}</UniqueIdentifier>
      <Extensions>rc;ico;cur;bmp;dlg;rc2;rct;bin;rgs;gif;jpg;jpeg;jpe;resx;tiff;tif;png;wav;mfcribbon-ms</Extensions>
    </Filter>
    <Filter Include="Scene">
      <UniqueIdentifier>{66c0f156-1257-4ada-861b-5305b9825c9e}</UniqueIdentifier>
    </Filter>
    <Filter Include="Scene\Header Files">
      <UniqueIdentifier>{597750de-02e7-4a87-b2d9-48317b1458f7}</UniqueIdentifier>
    </Filter>
    <Filter Include="Scene\SourceFiles">
      <UniqueIdentifier>{d9791cc0-8941-4b6b-82c2-8310e5061952}</UniqueIdentifier>
    </Filter>
    <Filter Include="Minigames">
      <UniqueIdentifier>{f75dd7ee-15f4-46ad-b4d7-5924d72f9f9b}</UniqueIdentifier>
    </Filter>
    <Filter Include="Minigames\Header Files">
      <UniqueIdentifier>{958ee0de-8708-4abd-af59-57874ffeb018}</UniqueIdentifier>
    </Filter>
    <Filter Include="Minigames\Source Files">
      <UniqueIdentifier>{b9ab3e70-3b9c-4d6b-8c55-72b0f33cfeaa}</UniqueIdentifier>
    </Filter>
    <Filter Include="Vision">
      <UniqueIdentifier>{ced7b6fe-cbe1-46f2-9664-a6475b4f0cd4}</UniqueIdentifier>
    </Filter>
    <Filter Include="Vision\Header Files">
      <UniqueIdentifier>{4b4e5c13-e2bb-4150-a517-764c271d05d3}</UniqueIdentifier>
    </Filter>
    <Filter Include="Vision\Source Files">
      <UniqueIdentifier>{b4893469-e9ad-4455-8861-8d2dfda7f506}</UniqueIdentifier>
    </Filter>
    <Filter Include="Scene\SourceFiles\Component">
      <UniqueIdentifier>{5cfc1cc0-4aaf-4a73-a4df-884064028ec9}</UniqueIdentifier>
    </Filter>
    <Filter Include="Scene\Header Files\Component">
      <UniqueIdentifier>{b7030a14-f748-4651-951b-649c8554e241}</UniqueIdentifier>
    </Filter>
  </ItemGroup>
  <ItemGroup>
    <ClCompile Include="tigl.cpp">
      <Filter>Source Files</Filter>
    </ClCompile>
    <ClCompile Include="Scene.cpp">
      <Filter>Scene\SourceFiles</Filter>
    </ClCompile>
    <ClCompile Include="SceneManager.cpp">
      <Filter>Minigames\Source Files</Filter>
    </ClCompile>
    <ClCompile Include="PlaneComponent.cpp">
      <Filter>Scene\SourceFiles\Component</Filter>
    </ClCompile>
    <ClCompile Include="GravityComponent.cpp">
      <Filter>Scene\SourceFiles\Component</Filter>
    </ClCompile>
    <ClCompile Include="Texture.cpp">
      <Filter>Scene\SourceFiles</Filter>
    </ClCompile>
    <ClCompile Include="ObjectLoader.cpp">
      <Filter>Scene\SourceFiles</Filter>
    </ClCompile>
    <ClCompile Include="DrawObjectComponent.cpp">
      <Filter>Scene\SourceFiles\Component</Filter>
    </ClCompile>
    <ClCompile Include="GameObject.cpp">
      <Filter>Scene\SourceFiles</Filter>
    </ClCompile>
    <ClCompile Include="main.cpp">
      <Filter>Source Files</Filter>
    </ClCompile>
    <ClCompile Include="TransformComponent.cpp">
      <Filter>Scene\SourceFiles\Component</Filter>
    </ClCompile>
    <ClCompile Include="HandDetection.cpp">
      <Filter>Vision\Source Files</Filter>
    </ClCompile>
    <ClCompile Include="FaceRecognition.cpp">
      <Filter>Vision\Source Files</Filter>
    </ClCompile>
    <ClCompile Include="MoveToComponent.cpp">
      <Filter>Scene\SourceFiles\Component</Filter>
    </ClCompile>
    <ClCompile Include="ReplaceComponent.cpp">
      <Filter>Scene\SourceFiles\Component</Filter>
    </ClCompile>
    <ClCompile Include="MainMenu.cpp">
      <Filter>Minigames\Source Files</Filter>
    </ClCompile>
    <ClCompile Include="SchoolNinja.cpp">
      <Filter>Minigames\Source Files</Filter>
    </ClCompile>
    <ClCompile Include="ModelLoaderComponent.cpp">
      <Filter>Source Files</Filter>
    </ClCompile>
    <ClCompile Include="CollisionComponent.cpp">
      <Filter>Scene\SourceFiles\Component</Filter>
    </ClCompile>
    <ClCompile Include="SchoolNinjaComponent.cpp">
      <Filter>Scene\SourceFiles\Component</Filter>
    </ClCompile>
    <ClCompile Include="DestroyObjectComponent.cpp">
      <Filter>Scene\SourceFiles\Component</Filter>
    </ClCompile>
    <ClCompile Include="OutofBoundsComponent.cpp">
      <Filter>Scene\SourceFiles\Component</Filter>
    </ClCompile>
    <ClCompile Include="Convert.cpp">
      <Filter>Source Files</Filter>
    </ClCompile>
    <ClCompile Include="WindowManager.cpp">
      <Filter>Source Files</Filter>
    </ClCompile>
    <ClCompile Include="HudComponent.cpp">
      <Filter>Scene\SourceFiles\Component</Filter>
    </ClCompile>
    <ClCompile Include="IncreaseScoreComponent.cpp">
      <Filter>Scene\SourceFiles\Component</Filter>
    </ClCompile>
    <ClCompile Include="CursorPosition.cpp">
      <Filter>Source Files</Filter>
    </ClCompile>
    <ClCompile Include="SoundComponent.cpp">
      <Filter>Scene\SourceFiles\Component</Filter>
    </ClCompile>
  </ItemGroup>
  <ItemGroup>
    <ClInclude Include="tigl.h">
      <Filter>Header Files</Filter>
    </ClInclude>
    <ClInclude Include="GameObject.hpp">
      <Filter>Scene\Header Files</Filter>
    </ClInclude>
    <ClInclude Include="Scene.hpp">
      <Filter>Scene\Header Files</Filter>
    </ClInclude>
    <ClInclude Include="AbstractSceneManager.hpp">
      <Filter>Minigames\Header Files</Filter>
    </ClInclude>
    <ClInclude Include="MainMenu.hpp">
      <Filter>Minigames\Header Files</Filter>
    </ClInclude>
    <ClInclude Include="AbstractComponent.hpp">
      <Filter>Scene\Header Files\Component</Filter>
    </ClInclude>
    <ClInclude Include="TransformComponent.hpp">
      <Filter>Scene\Header Files\Component</Filter>
    </ClInclude>
    <ClInclude Include="AbstractDrawcomponent.hpp">
      <Filter>Scene\Header Files\Component</Filter>
    </ClInclude>
    <ClInclude Include="PlaneComponent.hpp">
      <Filter>Scene\Header Files\Component</Filter>
    </ClInclude>
    <ClInclude Include="GravityComponent.hpp">
      <Filter>Scene\Header Files\Component</Filter>
    </ClInclude>
    <ClInclude Include="ObjectLoader.hpp">
      <Filter>Scene\Header Files</Filter>
    </ClInclude>
    <ClInclude Include="stb_image.h">
      <Filter>Scene\Header Files</Filter>
    </ClInclude>
    <ClInclude Include="DrawObjectComponent.hpp">
      <Filter>Scene\Header Files\Component</Filter>
    </ClInclude>
    <ClInclude Include="HandDetection.hpp">
      <Filter>Vision\Header Files</Filter>
    </ClInclude>
    <ClInclude Include="FaceRecognition.hpp">
      <Filter>Vision\Header Files</Filter>
    </ClInclude>
    <ClInclude Include="IOnDeath.hpp">
      <Filter>Scene\Header Files\Component</Filter>
    </ClInclude>
    <ClInclude Include="replaceComponent.hpp">
      <Filter>Scene\Header Files\Component</Filter>
    </ClInclude>
    <ClInclude Include="PointerExecuter.hpp">
      <Filter>Header Files</Filter>
    </ClInclude>
    <ClInclude Include="MoveToComponent.hpp">
      <Filter>Scene\Header Files\Component</Filter>
    </ClInclude>
    <ClInclude Include="ModelLoaderComponent.hpp">
      <Filter>Header Files</Filter>
    </ClInclude>
    <ClInclude Include="SchoolNinjaComponent.hpp">
      <Filter>Scene\Header Files\Component</Filter>
    </ClInclude>
    <ClInclude Include="OutofBoundsComponent.hpp">
      <Filter>Scene\Header Files\Component</Filter>
    </ClInclude>
    <ClInclude Include="Texture.hpp">
      <Filter>Scene\Header Files</Filter>
    </ClInclude>
    <ClInclude Include="Convert.hpp">
      <Filter>Header Files</Filter>
    </ClInclude>
    <ClInclude Include="WindowManager.hpp">
      <Filter>Header Files</Filter>
    </ClInclude>
    <ClInclude Include="main.hpp">
      <Filter>Header Files</Filter>
    </ClInclude>
    <ClInclude Include="CollisionComponent.hpp">
      <Filter>Scene\Header Files\Component</Filter>
    </ClInclude>
    <ClInclude Include="HudComponent.hpp">
      <Filter>Scene\Header Files\Component</Filter>
    </ClInclude>
    <ClInclude Include="SchoolNinja.hpp">
      <Filter>Minigames\Header Files</Filter>
    </ClInclude>
    <ClInclude Include="IncreaseScoreComponent.hpp">
      <Filter>Scene\Header Files\Component</Filter>
    </ClInclude>
    <ClInclude Include="DestroyObjectComponent.hpp">
      <Filter>Header Files</Filter>
    </ClInclude>
    <ClInclude Include="CursorPosition.hpp">
      <Filter>Header Files</Filter>
    </ClInclude>
    <ClInclude Include="SoundComponent.hpp">
      <Filter>Scene\Header Files\Component</Filter>
    </ClInclude>
    <ClInclude Include="DestroyObjectComponent.hpp">
      <Filter>Scene\Header Files\Component</Filter>
    </ClInclude>
  </ItemGroup>
  <ItemGroup>
    <Image Include="molorcolor.png">
      <Filter>Resource Files</Filter>
    </Image>
  </ItemGroup>
  <ItemGroup>
    <None Include="packages.config" />
  </ItemGroup>
</Project>